{
<<<<<<< HEAD
  "name": "MangApp",
  "lockfileVersion": 3,
  "requires": true,
  "packages": {
    "": {
      "dependencies": {
        "react-native-datepicker": "^1.7.2"
      }
    },
    "node_modules/moment": {
      "version": "2.29.4",
      "resolved": "https://registry.npmjs.org/moment/-/moment-2.29.4.tgz",
      "integrity": "sha512-5LC9SOxjSc2HF6vO2CyuTDNivEdoz2IvyJJGj6X8DJ0eFyfszE0QiEd+iXmBvUP3WHxSjFH/vIsA0EN00cgr8w==",
      "engines": {
        "node": "*"
      }
    },
    "node_modules/react-native-datepicker": {
      "version": "1.7.2",
      "resolved": "https://registry.npmjs.org/react-native-datepicker/-/react-native-datepicker-1.7.2.tgz",
      "integrity": "sha512-ses0N1y44fYBmlejYwR2i+dGnQQ8v5/gacX2CrbFJiWxbcQaRuxexsZPB9YQuQkAy+uKz5Gti3Lrp3dh9BfkzA==",
      "dependencies": {
        "moment": "^2.22.0"
      }
    }
  }
=======
  "name": "MangaApp",
  "lockfileVersion": 3,
  "requires": true,
  "packages": {}
>>>>>>> origin/main
}
